// !$*UTF8*$!
{
	archiveVersion = 1;
	classes = {
	};
	objectVersion = 46;
	objects = {

/* Begin PBXBuildFile section */
		252C69581BCD88E000C0FEFB /* AppDelegate.swift in Sources */ = {isa = PBXBuildFile; fileRef = 252C69571BCD88E000C0FEFB /* AppDelegate.swift */; };
		252C695A1BCD88E000C0FEFB /* IntroViewController.swift in Sources */ = {isa = PBXBuildFile; fileRef = 252C69591BCD88E000C0FEFB /* IntroViewController.swift */; };
		252C69621BCD88E000C0FEFB /* LaunchScreen.storyboard in Resources */ = {isa = PBXBuildFile; fileRef = 252C69601BCD88E000C0FEFB /* LaunchScreen.storyboard */; };
		252C696C1BCD893000C0FEFB /* Assets.xcassets in Resources */ = {isa = PBXBuildFile; fileRef = 252C696B1BCD893000C0FEFB /* Assets.xcassets */; };
		252C696E1BCD895000C0FEFB /* Main.storyboard in Resources */ = {isa = PBXBuildFile; fileRef = 252C696D1BCD895000C0FEFB /* Main.storyboard */; };
		252C69721BCD8A2F00C0FEFB /* SettingViewController.swift in Sources */ = {isa = PBXBuildFile; fileRef = 252C69711BCD8A2F00C0FEFB /* SettingViewController.swift */; };
		25843CC71BCDAEA40005D164 /* Profile.xcdatamodeld in Sources */ = {isa = PBXBuildFile; fileRef = 25843CC51BCDAEA40005D164 /* Profile.xcdatamodeld */; };
		25843CCF1BCDB86D0005D164 /* SWRevealViewController.m in Sources */ = {isa = PBXBuildFile; fileRef = 25843CCE1BCDB86D0005D164 /* SWRevealViewController.m */; };
		25843CD21BCDC1290005D164 /* SWPetListviewController.swift in Sources */ = {isa = PBXBuildFile; fileRef = 25843CD11BCDC1290005D164 /* SWPetListviewController.swift */; };
		67D6A5481BDFD32F004DC8BB /* HLSViewController.swift in Sources */ = {isa = PBXBuildFile; fileRef = 67D6A5471BDFD32F004DC8BB /* HLSViewController.swift */; };
/* End PBXBuildFile section */

/* Begin PBXFileReference section */
		252C69541BCD88E000C0FEFB /* HHHPrototype.app */ = {isa = PBXFileReference; explicitFileType = wrapper.application; includeInIndex = 0; path = HHHPrototype.app; sourceTree = BUILT_PRODUCTS_DIR; };
		252C69571BCD88E000C0FEFB /* AppDelegate.swift */ = {isa = PBXFileReference; lastKnownFileType = sourcecode.swift; name = AppDelegate.swift; path = HHHPrototype/AppDelegate.swift; sourceTree = "<group>"; };
		252C69591BCD88E000C0FEFB /* IntroViewController.swift */ = {isa = PBXFileReference; lastKnownFileType = sourcecode.swift; path = IntroViewController.swift; sourceTree = "<group>"; };
		252C69611BCD88E000C0FEFB /* Base */ = {isa = PBXFileReference; lastKnownFileType = file.storyboard; name = Base; path = Base.lproj/LaunchScreen.storyboard; sourceTree = "<group>"; };
		252C69631BCD88E000C0FEFB /* Info.plist */ = {isa = PBXFileReference; lastKnownFileType = text.plist.xml; name = Info.plist; path = HHHPrototype/Info.plist; sourceTree = "<group>"; };
		252C696B1BCD893000C0FEFB /* Assets.xcassets */ = {isa = PBXFileReference; lastKnownFileType = folder.assetcatalog; path = Assets.xcassets; sourceTree = "<group>"; };
		252C696D1BCD895000C0FEFB /* Main.storyboard */ = {isa = PBXFileReference; fileEncoding = 4; lastKnownFileType = file.storyboard; path = Main.storyboard; sourceTree = "<group>"; };
		252C69711BCD8A2F00C0FEFB /* SettingViewController.swift */ = {isa = PBXFileReference; fileEncoding = 4; lastKnownFileType = sourcecode.swift; path = SettingViewController.swift; sourceTree = "<group>"; };
		25843CC61BCDAEA40005D164 /* Profile.xcdatamodel */ = {isa = PBXFileReference; lastKnownFileType = wrapper.xcdatamodel; path = Profile.xcdatamodel; sourceTree = "<group>"; };
		25843CCB1BCDB86C0005D164 /* HHHPrototype-Bridging-Header.h */ = {isa = PBXFileReference; lastKnownFileType = sourcecode.c.h; path = "HHHPrototype-Bridging-Header.h"; sourceTree = "<group>"; };
		25843CCD1BCDB86D0005D164 /* SWRevealViewController.h */ = {isa = PBXFileReference; fileEncoding = 4; lastKnownFileType = sourcecode.c.h; path = SWRevealViewController.h; sourceTree = "<group>"; };
		25843CCE1BCDB86D0005D164 /* SWRevealViewController.m */ = {isa = PBXFileReference; fileEncoding = 4; lastKnownFileType = sourcecode.c.objc; path = SWRevealViewController.m; sourceTree = "<group>"; };
		25843CD11BCDC1290005D164 /* SWPetListviewController.swift */ = {isa = PBXFileReference; fileEncoding = 4; lastKnownFileType = sourcecode.swift; path = SWPetListviewController.swift; sourceTree = "<group>"; };
		67D6A5471BDFD32F004DC8BB /* HLSViewController.swift */ = {isa = PBXFileReference; fileEncoding = 4; lastKnownFileType = sourcecode.swift; path = HLSViewController.swift; sourceTree = "<group>"; };
/* End PBXFileReference section */

/* Begin PBXFrameworksBuildPhase section */
		252C69511BCD88E000C0FEFB /* Frameworks */ = {
			isa = PBXFrameworksBuildPhase;
			buildActionMask = 2147483647;
			files = (
			);
			runOnlyForDeploymentPostprocessing = 0;
		};
/* End PBXFrameworksBuildPhase section */

/* Begin PBXGroup section */
		252C694B1BCD88E000C0FEFB = {
			isa = PBXGroup;
			children = (
				252C69551BCD88E000C0FEFB /* Products */,
				252C696A1BCD88F800C0FEFB /* Bundle */,
				252C69691BCD88EF00C0FEFB /* UI */,
				25843CCA1BCDB8320005D164 /* lib */,
				252C69561BCD88E000C0FEFB /* src */,
			);
			sourceTree = "<group>";
		};
		252C69551BCD88E000C0FEFB /* Products */ = {
			isa = PBXGroup;
			children = (
				252C69541BCD88E000C0FEFB /* HHHPrototype.app */,
			);
			name = Products;
			sourceTree = "<group>";
		};
		252C69561BCD88E000C0FEFB /* src */ = {
			isa = PBXGroup;
			children = (
				252C69591BCD88E000C0FEFB /* IntroViewController.swift */,
				25843CD11BCDC1290005D164 /* SWPetListviewController.swift */,
				252C69711BCD8A2F00C0FEFB /* SettingViewController.swift */,
				67D6A5471BDFD32F004DC8BB /* HLSViewController.swift */,
			);
			name = src;
			path = HHHPrototype;
			sourceTree = "<group>";
		};
		252C69691BCD88EF00C0FEFB /* UI */ = {
			isa = PBXGroup;
			children = (
				252C696D1BCD895000C0FEFB /* Main.storyboard */,
				252C69601BCD88E000C0FEFB /* LaunchScreen.storyboard */,
			);
			name = UI;
			sourceTree = "<group>";
		};
		252C696A1BCD88F800C0FEFB /* Bundle */ = {
			isa = PBXGroup;
			children = (
				252C69571BCD88E000C0FEFB /* AppDelegate.swift */,
				252C696B1BCD893000C0FEFB /* Assets.xcassets */,
				252C69631BCD88E000C0FEFB /* Info.plist */,
				25843CC51BCDAEA40005D164 /* Profile.xcdatamodeld */,
			);
			name = Bundle;
			sourceTree = "<group>";
		};
		25843CCA1BCDB8320005D164 /* lib */ = {
			isa = PBXGroup;
			children = (
				25843CCD1BCDB86D0005D164 /* SWRevealViewController.h */,
				25843CCE1BCDB86D0005D164 /* SWRevealViewController.m */,
				25843CCB1BCDB86C0005D164 /* HHHPrototype-Bridging-Header.h */,
			);
			name = lib;
			path = HHHPrototype;
			sourceTree = "<group>";
		};
/* End PBXGroup section */

/* Begin PBXNativeTarget section */
		252C69531BCD88E000C0FEFB /* HHHPrototype */ = {
			isa = PBXNativeTarget;
			buildConfigurationList = 252C69661BCD88E000C0FEFB /* Build configuration list for PBXNativeTarget "HHHPrototype" */;
			buildPhases = (
				252C69501BCD88E000C0FEFB /* Sources */,
				252C69511BCD88E000C0FEFB /* Frameworks */,
				252C69521BCD88E000C0FEFB /* Resources */,
			);
			buildRules = (
			);
			dependencies = (
			);
			name = HHHPrototype;
			productName = HHHPrototype;
			productReference = 252C69541BCD88E000C0FEFB /* HHHPrototype.app */;
			productType = "com.apple.product-type.application";
		};
/* End PBXNativeTarget section */

/* Begin PBXProject section */
		252C694C1BCD88E000C0FEFB /* Project object */ = {
			isa = PBXProject;
			attributes = {
				LastSwiftUpdateCheck = 0700;
				LastUpgradeCheck = 0700;
				ORGANIZATIONNAME = "Yoonseung Choi";
				TargetAttributes = {
					252C69531BCD88E000C0FEFB = {
						CreatedOnToolsVersion = 7.0;
						DevelopmentTeam = VT98E7PBP6;
					};
				};
			};
			buildConfigurationList = 252C694F1BCD88E000C0FEFB /* Build configuration list for PBXProject "HHHPrototype" */;
			compatibilityVersion = "Xcode 3.2";
			developmentRegion = English;
			hasScannedForEncodings = 0;
			knownRegions = (
				en,
				Base,
			);
			mainGroup = 252C694B1BCD88E000C0FEFB;
			productRefGroup = 252C69551BCD88E000C0FEFB /* Products */;
			projectDirPath = "";
			projectRoot = "";
			targets = (
				252C69531BCD88E000C0FEFB /* HHHPrototype */,
			);
		};
/* End PBXProject section */

/* Begin PBXResourcesBuildPhase section */
		252C69521BCD88E000C0FEFB /* Resources */ = {
			isa = PBXResourcesBuildPhase;
			buildActionMask = 2147483647;
			files = (
				252C69621BCD88E000C0FEFB /* LaunchScreen.storyboard in Resources */,
				252C696C1BCD893000C0FEFB /* Assets.xcassets in Resources */,
				252C696E1BCD895000C0FEFB /* Main.storyboard in Resources */,
			);
			runOnlyForDeploymentPostprocessing = 0;
		};
/* End PBXResourcesBuildPhase section */

/* Begin PBXSourcesBuildPhase section */
		252C69501BCD88E000C0FEFB /* Sources */ = {
			isa = PBXSourcesBuildPhase;
			buildActionMask = 2147483647;
			files = (
				252C695A1BCD88E000C0FEFB /* IntroViewController.swift in Sources */,
				25843CC71BCDAEA40005D164 /* Profile.xcdatamodeld in Sources */,
				67D6A5481BDFD32F004DC8BB /* HLSViewController.swift in Sources */,
				25843CD21BCDC1290005D164 /* SWPetListviewController.swift in Sources */,
				25843CCF1BCDB86D0005D164 /* SWRevealViewController.m in Sources */,
				252C69581BCD88E000C0FEFB /* AppDelegate.swift in Sources */,
				252C69721BCD8A2F00C0FEFB /* SettingViewController.swift in Sources */,
			);
			runOnlyForDeploymentPostprocessing = 0;
		};
/* End PBXSourcesBuildPhase section */

/* Begin PBXVariantGroup section */
		252C69601BCD88E000C0FEFB /* LaunchScreen.storyboard */ = {
			isa = PBXVariantGroup;
			children = (
				252C69611BCD88E000C0FEFB /* Base */,
			);
			name = LaunchScreen.storyboard;
			path = HHHPrototype;
			sourceTree = "<group>";
		};
/* End PBXVariantGroup section */

/* Begin XCBuildConfiguration section */
		252C69641BCD88E000C0FEFB /* Debug */ = {
			isa = XCBuildConfiguration;
			buildSettings = {
				ALWAYS_SEARCH_USER_PATHS = NO;
				CLANG_CXX_LANGUAGE_STANDARD = "gnu++0x";
				CLANG_CXX_LIBRARY = "libc++";
				CLANG_ENABLE_MODULES = YES;
				CLANG_ENABLE_OBJC_ARC = YES;
				CLANG_WARN_BOOL_CONVERSION = YES;
				CLANG_WARN_CONSTANT_CONVERSION = YES;
				CLANG_WARN_DIRECT_OBJC_ISA_USAGE = YES_ERROR;
				CLANG_WARN_EMPTY_BODY = YES;
				CLANG_WARN_ENUM_CONVERSION = YES;
				CLANG_WARN_INT_CONVERSION = YES;
				CLANG_WARN_OBJC_ROOT_CLASS = YES_ERROR;
				CLANG_WARN_UNREACHABLE_CODE = YES;
				CLANG_WARN__DUPLICATE_METHOD_MATCH = YES;
				"CODE_SIGN_IDENTITY[sdk=iphoneos*]" = "iPhone Developer";
				COPY_PHASE_STRIP = NO;
				DEBUG_INFORMATION_FORMAT = dwarf;
				ENABLE_STRICT_OBJC_MSGSEND = YES;
				ENABLE_TESTABILITY = YES;
				GCC_C_LANGUAGE_STANDARD = gnu99;
				GCC_DYNAMIC_NO_PIC = NO;
				GCC_NO_COMMON_BLOCKS = YES;
				GCC_OPTIMIZATION_LEVEL = 0;
				GCC_PREPROCESSOR_DEFINITIONS = (
					"DEBUG=1",
					"$(inherited)",
				);
				GCC_WARN_64_TO_32_BIT_CONVERSION = YES;
				GCC_WARN_ABOUT_RETURN_TYPE = YES_ERROR;
				GCC_WARN_UNDECLARED_SELECTOR = YES;
				GCC_WARN_UNINITIALIZED_AUTOS = YES_AGGRESSIVE;
				GCC_WARN_UNUSED_FUNCTION = YES;
				GCC_WARN_UNUSED_VARIABLE = YES;
				IPHONEOS_DEPLOYMENT_TARGET = 9.0;
				MTL_ENABLE_DEBUG_INFO = YES;
				ONLY_ACTIVE_ARCH = YES;
				SDKROOT = iphoneos;
				SWIFT_OPTIMIZATION_LEVEL = "-Onone";
			};
			name = Debug;
		};
		252C69651BCD88E000C0FEFB /* Release */ = {
			isa = XCBuildConfiguration;
			buildSettings = {
				ALWAYS_SEARCH_USER_PATHS = NO;
				CLANG_CXX_LANGUAGE_STANDARD = "gnu++0x";
				CLANG_CXX_LIBRARY = "libc++";
				CLANG_ENABLE_MODULES = YES;
				CLANG_ENABLE_OBJC_ARC = YES;
				CLANG_WARN_BOOL_CONVERSION = YES;
				CLANG_WARN_CONSTANT_CONVERSION = YES;
				CLANG_WARN_DIRECT_OBJC_ISA_USAGE = YES_ERROR;
				CLANG_WARN_EMPTY_BODY = YES;
				CLANG_WARN_ENUM_CONVERSION = YES;
				CLANG_WARN_INT_CONVERSION = YES;
				CLANG_WARN_OBJC_ROOT_CLASS = YES_ERROR;
				CLANG_WARN_UNREACHABLE_CODE = YES;
				CLANG_WARN__DUPLICATE_METHOD_MATCH = YES;
				"CODE_SIGN_IDENTITY[sdk=iphoneos*]" = "iPhone Developer";
				COPY_PHASE_STRIP = NO;
				DEBUG_INFORMATION_FORMAT = "dwarf-with-dsym";
				ENABLE_NS_ASSERTIONS = NO;
				ENABLE_STRICT_OBJC_MSGSEND = YES;
				GCC_C_LANGUAGE_STANDARD = gnu99;
				GCC_NO_COMMON_BLOCKS = YES;
				GCC_WARN_64_TO_32_BIT_CONVERSION = YES;
				GCC_WARN_ABOUT_RETURN_TYPE = YES_ERROR;
				GCC_WARN_UNDECLARED_SELECTOR = YES;
				GCC_WARN_UNINITIALIZED_AUTOS = YES_AGGRESSIVE;
				GCC_WARN_UNUSED_FUNCTION = YES;
				GCC_WARN_UNUSED_VARIABLE = YES;
				IPHONEOS_DEPLOYMENT_TARGET = 9.0;
				MTL_ENABLE_DEBUG_INFO = NO;
				SDKROOT = iphoneos;
				VALIDATE_PRODUCT = YES;
			};
			name = Release;
		};
		252C69671BCD88E000C0FEFB /* Debug */ = {
			isa = XCBuildConfiguration;
			buildSettings = {
				ASSETCATALOG_COMPILER_APPICON_NAME = AppIcon;
				CLANG_ENABLE_MODULES = YES;
				INFOPLIST_FILE = HHHPrototype/Info.plist;
				LD_RUNPATH_SEARCH_PATHS = "$(inherited) @executable_path/Frameworks";
				PRODUCT_BUNDLE_IDENTIFIER = john.HHHPrototype;
				PRODUCT_NAME = "$(TARGET_NAME)";
				SWIFT_OBJC_BRIDGING_HEADER = "HHHPrototype/HHHPrototype-Bridging-Header.h";
				SWIFT_OPTIMIZATION_LEVEL = "-Onone";
			};
			name = Debug;
		};
		252C69681BCD88E000C0FEFB /* Release */ = {
			isa = XCBuildConfiguration;
			buildSettings = {
				ASSETCATALOG_COMPILER_APPICON_NAME = AppIcon;
				CLANG_ENABLE_MODULES = YES;
				INFOPLIST_FILE = HHHPrototype/Info.plist;
				LD_RUNPATH_SEARCH_PATHS = "$(inherited) @executable_path/Frameworks";
				PRODUCT_BUNDLE_IDENTIFIER = john.HHHPrototype;
				PRODUCT_NAME = "$(TARGET_NAME)";
				SWIFT_OBJC_BRIDGING_HEADER = "HHHPrototype/HHHPrototype-Bridging-Header.h";
			};
			name = Release;
		};
/* End XCBuildConfiguration section */

/* Begin XCConfigurationList section */
		252C694F1BCD88E000C0FEFB /* Build configuration list for PBXProject "HHHPrototype" */ = {
			isa = XCConfigurationList;
			buildConfigurations = (
				252C69641BCD88E000C0FEFB /* Debug */,
				252C69651BCD88E000C0FEFB /* Release */,
			);
			defaultConfigurationIsVisible = 0;
			defaultConfigurationName = Release;
		};
		252C69661BCD88E000C0FEFB /* Build configuration list for PBXNativeTarget "HHHPrototype" */ = {
			isa = XCConfigurationList;
			buildConfigurations = (
				252C69671BCD88E000C0FEFB /* Debug */,
				252C69681BCD88E000C0FEFB /* Release */,
			);
			defaultConfigurationIsVisible = 0;
			defaultConfigurationName = Release;
		};
/* End XCConfigurationList section */

/* Begin XCVersionGroup section */
		25843CC51BCDAEA40005D164 /* Profile.xcdatamodeld */ = {
			isa = XCVersionGroup;
			children = (
				25843CC61BCDAEA40005D164 /* Profile.xcdatamodel */,
			);
			currentVersion = 25843CC61BCDAEA40005D164 /* Profile.xcdatamodel */;
			path = Profile.xcdatamodeld;
			sourceTree = "<group>";
			versionGroupType = wrapper.xcdatamodel;
		};
/* End XCVersionGroup section */
	};
	rootObject = 252C694C1BCD88E000C0FEFB /* Project object */;
}
