// !$*UTF8*$!
{
	archiveVersion = 1;
	classes = {
	};
	objectVersion = 46;
	objects = {

/* Begin PBXBuildFile section */
		821B5AA0B80353A9C3ED38C7 /* Pods.framework in Frameworks */ = {isa = PBXBuildFile; fileRef = D4EFA44CBD7336E71AA573D2 /* Pods.framework */; };
		DA15E6871CBFE98F000CE219 /* Token+CoreDataProperties.swift in Sources */ = {isa = PBXBuildFile; fileRef = DA15E6851CBFE98F000CE219 /* Token+CoreDataProperties.swift */; };
		DA15E6881CBFE98F000CE219 /* Token.swift in Sources */ = {isa = PBXBuildFile; fileRef = DA15E6861CBFE98F000CE219 /* Token.swift */; };
		DA1F6E8A1C7B7B6B00A3BB20 /* YouTubePlayer.framework in Frameworks */ = {isa = PBXBuildFile; fileRef = DA1F6E891C7B7B6B00A3BB20 /* YouTubePlayer.framework */; };
		DA565C2B1C048F40009DDB46 /* AppDelegate.swift in Sources */ = {isa = PBXBuildFile; fileRef = DA565C2A1C048F40009DDB46 /* AppDelegate.swift */; };
		DA565C2D1C048F40009DDB46 /* mainViewController.swift in Sources */ = {isa = PBXBuildFile; fileRef = DA565C2C1C048F40009DDB46 /* mainViewController.swift */; };
		DA565C301C048F40009DDB46 /* Main.storyboard in Resources */ = {isa = PBXBuildFile; fileRef = DA565C2E1C048F40009DDB46 /* Main.storyboard */; };
		DA565C331C048F40009DDB46 /* HHH.xcdatamodeld in Sources */ = {isa = PBXBuildFile; fileRef = DA565C311C048F40009DDB46 /* HHH.xcdatamodeld */; };
		DA565C351C048F40009DDB46 /* Assets.xcassets in Resources */ = {isa = PBXBuildFile; fileRef = DA565C341C048F40009DDB46 /* Assets.xcassets */; };
		DA565C381C048F40009DDB46 /* LaunchScreen.storyboard in Resources */ = {isa = PBXBuildFile; fileRef = DA565C361C048F40009DDB46 /* LaunchScreen.storyboard */; };
		DA565C431C048F40009DDB46 /* HHHTests.swift in Sources */ = {isa = PBXBuildFile; fileRef = DA565C421C048F40009DDB46 /* HHHTests.swift */; };
		DA565C4E1C048F40009DDB46 /* HHHUITests.swift in Sources */ = {isa = PBXBuildFile; fileRef = DA565C4D1C048F40009DDB46 /* HHHUITests.swift */; };
		DA565CA51C04D2CD009DDB46 /* Kanna.framework in Frameworks */ = {isa = PBXBuildFile; fileRef = DA565C981C04D2AC009DDB46 /* Kanna.framework */; };
		DA565CA61C04D2CD009DDB46 /* Kanna.framework in Embed Frameworks */ = {isa = PBXBuildFile; fileRef = DA565C981C04D2AC009DDB46 /* Kanna.framework */; settings = {ATTRIBUTES = (CodeSignOnCopy, RemoveHeadersOnCopy, ); }; };
		DA565CC71C04D363009DDB46 /* HLSViewController.swift in Sources */ = {isa = PBXBuildFile; fileRef = DA565CBE1C04D363009DDB46 /* HLSViewController.swift */; };
		DA565CC81C04D363009DDB46 /* HttpReference.swift in Sources */ = {isa = PBXBuildFile; fileRef = DA565CBF1C04D363009DDB46 /* HttpReference.swift */; };
		DA565CC91C04D363009DDB46 /* PetListTableViewCell.swift in Sources */ = {isa = PBXBuildFile; fileRef = DA565CC01C04D363009DDB46 /* PetListTableViewCell.swift */; };
		DA565CCA1C04D363009DDB46 /* PetListTableViewController.swift in Sources */ = {isa = PBXBuildFile; fileRef = DA565CC11C04D363009DDB46 /* PetListTableViewController.swift */; };
		DA565CCC1C04D363009DDB46 /* SidePets.swift in Sources */ = {isa = PBXBuildFile; fileRef = DA565CC31C04D363009DDB46 /* SidePets.swift */; };
		DA565CCF1C04D363009DDB46 /* WebViewController.swift in Sources */ = {isa = PBXBuildFile; fileRef = DA565CC61C04D363009DDB46 /* WebViewController.swift */; };
		DA5C92531CC7F02B0030B309 /* feedingViewController.swift in Sources */ = {isa = PBXBuildFile; fileRef = DA5C92521CC7F02B0030B309 /* feedingViewController.swift */; };
		DA5C92621CC8129A0030B309 /* feedingTableViewCell.swift in Sources */ = {isa = PBXBuildFile; fileRef = DA5C92611CC8129A0030B309 /* feedingTableViewCell.swift */; };
		DA5CB28C1C592B6C00AE22C7 /* coredataProfile+CoreDataProperties.swift in Sources */ = {isa = PBXBuildFile; fileRef = DA5CB2861C592B6B00AE22C7 /* coredataProfile+CoreDataProperties.swift */; };
		DA5CB28D1C592B6C00AE22C7 /* coredataProfile.swift in Sources */ = {isa = PBXBuildFile; fileRef = DA5CB2871C592B6B00AE22C7 /* coredataProfile.swift */; };
		DA5CB2911C592CDD00AE22C7 /* schedulerViewController.swift in Sources */ = {isa = PBXBuildFile; fileRef = DA5CB2901C592CDD00AE22C7 /* schedulerViewController.swift */; };
		DA5CB2971C59535700AE22C7 /* DatePickerDialog.swift in Sources */ = {isa = PBXBuildFile; fileRef = DA5CB2961C59535700AE22C7 /* DatePickerDialog.swift */; };
		DA5CB2991C59594100AE22C7 /* schedulerViewControllerCell.swift in Sources */ = {isa = PBXBuildFile; fileRef = DA5CB2981C59594100AE22C7 /* schedulerViewControllerCell.swift */; };
		DA5FB6011C2DA29F0013845E /* SWRevealViewController.m in Sources */ = {isa = PBXBuildFile; fileRef = DA5FB6001C2DA29F0013845E /* SWRevealViewController.m */; };
		DA7B3D6B1CAAEB0B00B0924D /* settingViewController.swift in Sources */ = {isa = PBXBuildFile; fileRef = DA7B3D6A1CAAEB0B00B0924D /* settingViewController.swift */; };
		DA92407C1CDFE64400C5AE6E /* PageContentViewController.swift in Sources */ = {isa = PBXBuildFile; fileRef = DA92407B1CDFE64400C5AE6E /* PageContentViewController.swift */; };
		DA92408D1CDFEC8700C5AE6E /* pageViewController.swift in Sources */ = {isa = PBXBuildFile; fileRef = DA92408C1CDFEC8700C5AE6E /* pageViewController.swift */; };
		DA949E281C31CDCA0055A1FC /* ProFileViewController.swift in Sources */ = {isa = PBXBuildFile; fileRef = DA949E271C31CDCA0055A1FC /* ProFileViewController.swift */; };
		DA949E2C1C3512540055A1FC /* SettingSchedulerCell.swift in Sources */ = {isa = PBXBuildFile; fileRef = DA949E2B1C3512540055A1FC /* SettingSchedulerCell.swift */; };
		DAA666911CC3FF6900D1AE3B /* sensorViewContorller.swift in Sources */ = {isa = PBXBuildFile; fileRef = DAA666901CC3FF6900D1AE3B /* sensorViewContorller.swift */; };
		DAAB0FAA1C4C18590061978C /* data_user.swift in Sources */ = {isa = PBXBuildFile; fileRef = DAAB0FA91C4C18590061978C /* data_user.swift */; };
		DAB092141C3B36F2007BDC37 /* coreData.swift in Sources */ = {isa = PBXBuildFile; fileRef = DAB092131C3B36F2007BDC37 /* coreData.swift */; };
		DAB092241C40BBEB007BDC37 /* dataStore.swift in Sources */ = {isa = PBXBuildFile; fileRef = DAB092231C40BBEB007BDC37 /* dataStore.swift */; };
		DAB092321C40E976007BDC37 /* addPetViewController.swift in Sources */ = {isa = PBXBuildFile; fileRef = DAB092311C40E976007BDC37 /* addPetViewController.swift */; };
		DAEA09751C78530700F07653 /* credataUser+CoreDataProperties.swift in Sources */ = {isa = PBXBuildFile; fileRef = DAEA09731C78530700F07653 /* credataUser+CoreDataProperties.swift */; };
		DAEA09761C78530700F07653 /* credataUser.swift in Sources */ = {isa = PBXBuildFile; fileRef = DAEA09741C78530700F07653 /* credataUser.swift */; };
		DAEF0B781CC93F35001DDCCD /* coredataAlarm+CoreDataProperties.swift in Sources */ = {isa = PBXBuildFile; fileRef = DAEF0B761CC93F35001DDCCD /* coredataAlarm+CoreDataProperties.swift */; };
		DAEF0B791CC93F35001DDCCD /* coredataAlarm.swift in Sources */ = {isa = PBXBuildFile; fileRef = DAEF0B771CC93F35001DDCCD /* coredataAlarm.swift */; };
		DAF304A81C721CB7006F3327 /* dropbox.swift in Sources */ = {isa = PBXBuildFile; fileRef = DAF304A71C721CB7006F3327 /* dropbox.swift */; };
/* End PBXBuildFile section */

/* Begin PBXContainerItemProxy section */
		DA565C3F1C048F40009DDB46 /* PBXContainerItemProxy */ = {
			isa = PBXContainerItemProxy;
			containerPortal = DA565C1F1C048F40009DDB46 /* Project object */;
			proxyType = 1;
			remoteGlobalIDString = DA565C261C048F40009DDB46;
			remoteInfo = HHH;
		};
		DA565C4A1C048F40009DDB46 /* PBXContainerItemProxy */ = {
			isa = PBXContainerItemProxy;
			containerPortal = DA565C1F1C048F40009DDB46 /* Project object */;
			proxyType = 1;
			remoteGlobalIDString = DA565C261C048F40009DDB46;
			remoteInfo = HHH;
		};
		DA565C671C04D26D009DDB46 /* PBXContainerItemProxy */ = {
			isa = PBXContainerItemProxy;
			containerPortal = DA565C5D1C04D26D009DDB46 /* Alamofire.xcodeproj */;
			proxyType = 2;
			remoteGlobalIDString = F8111E3319A95C8B0040E7D1;
			remoteInfo = "Alamofire iOS";
		};
		DA565C691C04D26D009DDB46 /* PBXContainerItemProxy */ = {
			isa = PBXContainerItemProxy;
			containerPortal = DA565C5D1C04D26D009DDB46 /* Alamofire.xcodeproj */;
			proxyType = 2;
			remoteGlobalIDString = F8111E3E19A95C8B0040E7D1;
			remoteInfo = "Alamofire iOS Tests";
		};
		DA565C6B1C04D26D009DDB46 /* PBXContainerItemProxy */ = {
			isa = PBXContainerItemProxy;
			containerPortal = DA565C5D1C04D26D009DDB46 /* Alamofire.xcodeproj */;
			proxyType = 2;
			remoteGlobalIDString = 4DD67C0B1A5C55C900ED2280;
			remoteInfo = "Alamofire OSX";
		};
		DA565C6D1C04D26D009DDB46 /* PBXContainerItemProxy */ = {
			isa = PBXContainerItemProxy;
			containerPortal = DA565C5D1C04D26D009DDB46 /* Alamofire.xcodeproj */;
			proxyType = 2;
			remoteGlobalIDString = F829C6B21A7A94F100A2CD59;
			remoteInfo = "Alamofire OSX Tests";
		};
		DA565C6F1C04D26D009DDB46 /* PBXContainerItemProxy */ = {
			isa = PBXContainerItemProxy;
			containerPortal = DA565C5D1C04D26D009DDB46 /* Alamofire.xcodeproj */;
			proxyType = 2;
			remoteGlobalIDString = 4CF626EF1BA7CB3E0011A099;
			remoteInfo = "Alamofire tvOS";
		};
		DA565C711C04D26D009DDB46 /* PBXContainerItemProxy */ = {
			isa = PBXContainerItemProxy;
			containerPortal = DA565C5D1C04D26D009DDB46 /* Alamofire.xcodeproj */;
			proxyType = 2;
			remoteGlobalIDString = 4CF626F81BA7CB3E0011A099;
			remoteInfo = "Alamofire tvOS Tests";
		};
		DA565C731C04D26D009DDB46 /* PBXContainerItemProxy */ = {
			isa = PBXContainerItemProxy;
			containerPortal = DA565C5D1C04D26D009DDB46 /* Alamofire.xcodeproj */;
			proxyType = 2;
			remoteGlobalIDString = E4202FE01B667AA100C997FB;
			remoteInfo = "Alamofire watchOS";
		};
		DA565C971C04D2AC009DDB46 /* PBXContainerItemProxy */ = {
			isa = PBXContainerItemProxy;
			containerPortal = DA565C8D1C04D2AC009DDB46 /* Kanna.xcodeproj */;
			proxyType = 2;
			remoteGlobalIDString = 1EAFA0D81B6039D5001F3D84;
			remoteInfo = Kanna_iOS;
		};
		DA565C991C04D2AC009DDB46 /* PBXContainerItemProxy */ = {
			isa = PBXContainerItemProxy;
			containerPortal = DA565C8D1C04D2AC009DDB46 /* Kanna.xcodeproj */;
			proxyType = 2;
			remoteGlobalIDString = 1EBA8A6B1B6632E800226B9C;
			remoteInfo = Kanna_OSX;
		};
		DA565C9B1C04D2AC009DDB46 /* PBXContainerItemProxy */ = {
			isa = PBXContainerItemProxy;
			containerPortal = DA565C8D1C04D2AC009DDB46 /* Kanna.xcodeproj */;
			proxyType = 2;
			remoteGlobalIDString = 1EC47DAB1BC9729F00647902;
			remoteInfo = Kanna_tvOS;
		};
		DA565C9D1C04D2AC009DDB46 /* PBXContainerItemProxy */ = {
			isa = PBXContainerItemProxy;
			containerPortal = DA565C8D1C04D2AC009DDB46 /* Kanna.xcodeproj */;
			proxyType = 2;
			remoteGlobalIDString = 1E4F86B51BD90AE1008EF835;
			remoteInfo = Kanna_watchOS;
		};
		DA565C9F1C04D2AC009DDB46 /* PBXContainerItemProxy */ = {
			isa = PBXContainerItemProxy;
			containerPortal = DA565C8D1C04D2AC009DDB46 /* Kanna.xcodeproj */;
			proxyType = 2;
			remoteGlobalIDString = 1EAFA0E31B6039D5001F3D84;
			remoteInfo = KannaTests;
		};
		DA565CA11C04D2AC009DDB46 /* PBXContainerItemProxy */ = {
			isa = PBXContainerItemProxy;
			containerPortal = DA565C8D1C04D2AC009DDB46 /* Kanna.xcodeproj */;
			proxyType = 2;
			remoteGlobalIDString = 1E206B841B665E6D00441E12;
			remoteInfo = "Kanna_OSX Tests";
		};
		DA565CA31C04D2AC009DDB46 /* PBXContainerItemProxy */ = {
			isa = PBXContainerItemProxy;
			containerPortal = DA565C8D1C04D2AC009DDB46 /* Kanna.xcodeproj */;
			proxyType = 2;
			remoteGlobalIDString = 1EC47DB41BC9729F00647902;
			remoteInfo = "Kanna_tvOS Tests";
		};
		DA565CA71C04D2CD009DDB46 /* PBXContainerItemProxy */ = {
			isa = PBXContainerItemProxy;
			containerPortal = DA565C8D1C04D2AC009DDB46 /* Kanna.xcodeproj */;
			proxyType = 1;
			remoteGlobalIDString = 1EAFA0D71B6039D5001F3D84;
			remoteInfo = Kanna_iOS;
		};
/* End PBXContainerItemProxy section */

/* Begin PBXCopyFilesBuildPhase section */
		DA565CA91C04D2CE009DDB46 /* Embed Frameworks */ = {
			isa = PBXCopyFilesBuildPhase;
			buildActionMask = 2147483647;
			dstPath = "";
			dstSubfolderSpec = 10;
			files = (
				DA565CA61C04D2CD009DDB46 /* Kanna.framework in Embed Frameworks */,
			);
			name = "Embed Frameworks";
			runOnlyForDeploymentPostprocessing = 0;
		};
/* End PBXCopyFilesBuildPhase section */

/* Begin PBXFileReference section */
		74F62F0BA1EFDE4BD890820C /* Pods.debug.xcconfig */ = {isa = PBXFileReference; includeInIndex = 1; lastKnownFileType = text.xcconfig; name = Pods.debug.xcconfig; path = "Pods/Target Support Files/Pods/Pods.debug.xcconfig"; sourceTree = "<group>"; };
		C12FA22789FD0557B13A63C5 /* Pods.release.xcconfig */ = {isa = PBXFileReference; includeInIndex = 1; lastKnownFileType = text.xcconfig; name = Pods.release.xcconfig; path = "Pods/Target Support Files/Pods/Pods.release.xcconfig"; sourceTree = "<group>"; };
		D4EFA44CBD7336E71AA573D2 /* Pods.framework */ = {isa = PBXFileReference; explicitFileType = wrapper.framework; includeInIndex = 0; path = Pods.framework; sourceTree = BUILT_PRODUCTS_DIR; };
		DA15E6851CBFE98F000CE219 /* Token+CoreDataProperties.swift */ = {isa = PBXFileReference; fileEncoding = 4; lastKnownFileType = sourcecode.swift; name = "Token+CoreDataProperties.swift"; path = "HHH/coredata/Token+CoreDataProperties.swift"; sourceTree = "<group>"; };
		DA15E6861CBFE98F000CE219 /* Token.swift */ = {isa = PBXFileReference; fileEncoding = 4; lastKnownFileType = sourcecode.swift; name = Token.swift; path = HHH/coredata/Token.swift; sourceTree = "<group>"; };
		DA1F6E891C7B7B6B00A3BB20 /* YouTubePlayer.framework */ = {isa = PBXFileReference; lastKnownFileType = wrapper.framework; name = YouTubePlayer.framework; path = "Pods/../build/Debug-iphoneos/YouTubePlayer.framework"; sourceTree = "<group>"; };
		DA565C271C048F40009DDB46 /* HHH.app */ = {isa = PBXFileReference; explicitFileType = wrapper.application; includeInIndex = 0; path = HHH.app; sourceTree = BUILT_PRODUCTS_DIR; };
		DA565C2A1C048F40009DDB46 /* AppDelegate.swift */ = {isa = PBXFileReference; lastKnownFileType = sourcecode.swift; path = AppDelegate.swift; sourceTree = "<group>"; };
		DA565C2C1C048F40009DDB46 /* mainViewController.swift */ = {isa = PBXFileReference; lastKnownFileType = sourcecode.swift; name = mainViewController.swift; path = HHH/mainViewController.swift; sourceTree = "<group>"; };
		DA565C2F1C048F40009DDB46 /* Base */ = {isa = PBXFileReference; lastKnownFileType = file.storyboard; name = Base; path = Base.lproj/Main.storyboard; sourceTree = "<group>"; };
		DA565C321C048F40009DDB46 /* HHH.xcdatamodel */ = {isa = PBXFileReference; lastKnownFileType = wrapper.xcdatamodel; path = HHH.xcdatamodel; sourceTree = "<group>"; };
		DA565C341C048F40009DDB46 /* Assets.xcassets */ = {isa = PBXFileReference; lastKnownFileType = folder.assetcatalog; path = Assets.xcassets; sourceTree = "<group>"; };
		DA565C371C048F40009DDB46 /* Base */ = {isa = PBXFileReference; lastKnownFileType = file.storyboard; name = Base; path = Base.lproj/LaunchScreen.storyboard; sourceTree = "<group>"; };
		DA565C391C048F40009DDB46 /* Info.plist */ = {isa = PBXFileReference; lastKnownFileType = text.plist.xml; path = Info.plist; sourceTree = "<group>"; };
		DA565C3E1C048F40009DDB46 /* HHHTests.xctest */ = {isa = PBXFileReference; explicitFileType = wrapper.cfbundle; includeInIndex = 0; path = HHHTests.xctest; sourceTree = BUILT_PRODUCTS_DIR; };
		DA565C421C048F40009DDB46 /* HHHTests.swift */ = {isa = PBXFileReference; lastKnownFileType = sourcecode.swift; path = HHHTests.swift; sourceTree = "<group>"; };
		DA565C441C048F40009DDB46 /* Info.plist */ = {isa = PBXFileReference; lastKnownFileType = text.plist.xml; path = Info.plist; sourceTree = "<group>"; };
		DA565C491C048F40009DDB46 /* HHHUITests.xctest */ = {isa = PBXFileReference; explicitFileType = wrapper.cfbundle; includeInIndex = 0; path = HHHUITests.xctest; sourceTree = BUILT_PRODUCTS_DIR; };
		DA565C4D1C048F40009DDB46 /* HHHUITests.swift */ = {isa = PBXFileReference; lastKnownFileType = sourcecode.swift; path = HHHUITests.swift; sourceTree = "<group>"; };
		DA565C4F1C048F40009DDB46 /* Info.plist */ = {isa = PBXFileReference; lastKnownFileType = text.plist.xml; path = Info.plist; sourceTree = "<group>"; };
		DA565C5D1C04D26D009DDB46 /* Alamofire.xcodeproj */ = {isa = PBXFileReference; lastKnownFileType = "wrapper.pb-project"; name = Alamofire.xcodeproj; path = "Alamofire-master/Alamofire.xcodeproj"; sourceTree = "<group>"; };
		DA565C8D1C04D2AC009DDB46 /* Kanna.xcodeproj */ = {isa = PBXFileReference; lastKnownFileType = "wrapper.pb-project"; name = Kanna.xcodeproj; path = "Kanna-master/Kanna.xcodeproj"; sourceTree = "<group>"; };
		DA565CBE1C04D363009DDB46 /* HLSViewController.swift */ = {isa = PBXFileReference; fileEncoding = 4; lastKnownFileType = sourcecode.swift; name = HLSViewController.swift; path = HHH/HLSViewController.swift; sourceTree = "<group>"; };
		DA565CBF1C04D363009DDB46 /* HttpReference.swift */ = {isa = PBXFileReference; fileEncoding = 4; lastKnownFileType = sourcecode.swift; name = HttpReference.swift; path = HHH/HttpReference.swift; sourceTree = "<group>"; };
		DA565CC01C04D363009DDB46 /* PetListTableViewCell.swift */ = {isa = PBXFileReference; fileEncoding = 4; lastKnownFileType = sourcecode.swift; name = PetListTableViewCell.swift; path = HHH/PetListTableViewCell.swift; sourceTree = "<group>"; };
		DA565CC11C04D363009DDB46 /* PetListTableViewController.swift */ = {isa = PBXFileReference; fileEncoding = 4; lastKnownFileType = sourcecode.swift; name = PetListTableViewController.swift; path = HHH/PetListTableViewController.swift; sourceTree = "<group>"; };
		DA565CC31C04D363009DDB46 /* SidePets.swift */ = {isa = PBXFileReference; fileEncoding = 4; lastKnownFileType = sourcecode.swift; name = SidePets.swift; path = HHH/SidePets.swift; sourceTree = "<group>"; };
		DA565CC61C04D363009DDB46 /* WebViewController.swift */ = {isa = PBXFileReference; fileEncoding = 4; lastKnownFileType = sourcecode.swift; name = WebViewController.swift; path = HHH/WebViewController.swift; sourceTree = "<group>"; };
		DA565CD21C04DD51009DDB46 /* HHH-Bridging-Header.h */ = {isa = PBXFileReference; lastKnownFileType = sourcecode.c.h; path = "HHH-Bridging-Header.h"; sourceTree = "<group>"; };
		DA5C92521CC7F02B0030B309 /* feedingViewController.swift */ = {isa = PBXFileReference; fileEncoding = 4; lastKnownFileType = sourcecode.swift; name = feedingViewController.swift; path = HHH/feedingViewController.swift; sourceTree = "<group>"; };
		DA5C92611CC8129A0030B309 /* feedingTableViewCell.swift */ = {isa = PBXFileReference; fileEncoding = 4; lastKnownFileType = sourcecode.swift; path = feedingTableViewCell.swift; sourceTree = "<group>"; };
		DA5CB2861C592B6B00AE22C7 /* coredataProfile+CoreDataProperties.swift */ = {isa = PBXFileReference; fileEncoding = 4; lastKnownFileType = sourcecode.swift; name = "coredataProfile+CoreDataProperties.swift"; path = "HHH/coredata/coredataProfile+CoreDataProperties.swift"; sourceTree = "<group>"; };
		DA5CB2871C592B6B00AE22C7 /* coredataProfile.swift */ = {isa = PBXFileReference; fileEncoding = 4; lastKnownFileType = sourcecode.swift; name = coredataProfile.swift; path = HHH/coredata/coredataProfile.swift; sourceTree = "<group>"; };
		DA5CB2901C592CDD00AE22C7 /* schedulerViewController.swift */ = {isa = PBXFileReference; fileEncoding = 4; lastKnownFileType = sourcecode.swift; name = schedulerViewController.swift; path = HHH/schedulerViewController.swift; sourceTree = "<group>"; };
		DA5CB2961C59535700AE22C7 /* DatePickerDialog.swift */ = {isa = PBXFileReference; fileEncoding = 4; lastKnownFileType = sourcecode.swift; path = DatePickerDialog.swift; sourceTree = "<group>"; };
		DA5CB2981C59594100AE22C7 /* schedulerViewControllerCell.swift */ = {isa = PBXFileReference; fileEncoding = 4; lastKnownFileType = sourcecode.swift; path = schedulerViewControllerCell.swift; sourceTree = "<group>"; };
		DA5FB5FF1C2DA29F0013845E /* SWRevealViewController.h */ = {isa = PBXFileReference; fileEncoding = 4; lastKnownFileType = sourcecode.c.h; name = SWRevealViewController.h; path = HHH/SWRevealViewController.h; sourceTree = "<group>"; };
		DA5FB6001C2DA29F0013845E /* SWRevealViewController.m */ = {isa = PBXFileReference; fileEncoding = 4; lastKnownFileType = sourcecode.c.objc; name = SWRevealViewController.m; path = HHH/SWRevealViewController.m; sourceTree = "<group>"; };
		DA7B3D6A1CAAEB0B00B0924D /* settingViewController.swift */ = {isa = PBXFileReference; fileEncoding = 4; lastKnownFileType = sourcecode.swift; path = settingViewController.swift; sourceTree = "<group>"; };
		DA92407B1CDFE64400C5AE6E /* PageContentViewController.swift */ = {isa = PBXFileReference; fileEncoding = 4; lastKnownFileType = sourcecode.swift; path = PageContentViewController.swift; sourceTree = "<group>"; };
		DA92408C1CDFEC8700C5AE6E /* pageViewController.swift */ = {isa = PBXFileReference; fileEncoding = 4; lastKnownFileType = sourcecode.swift; path = pageViewController.swift; sourceTree = "<group>"; };
		DA949E271C31CDCA0055A1FC /* ProFileViewController.swift */ = {isa = PBXFileReference; fileEncoding = 4; lastKnownFileType = sourcecode.swift; name = ProFileViewController.swift; path = HHH/ProFileViewController.swift; sourceTree = "<group>"; };
		DA949E2B1C3512540055A1FC /* SettingSchedulerCell.swift */ = {isa = PBXFileReference; fileEncoding = 4; lastKnownFileType = sourcecode.swift; name = SettingSchedulerCell.swift; path = HHH/SettingSchedulerCell.swift; sourceTree = "<group>"; };
		DAA666901CC3FF6900D1AE3B /* sensorViewContorller.swift */ = {isa = PBXFileReference; fileEncoding = 4; lastKnownFileType = sourcecode.swift; name = sensorViewContorller.swift; path = HHH/sensorViewContorller.swift; sourceTree = "<group>"; };
		DAAB0FA91C4C18590061978C /* data_user.swift */ = {isa = PBXFileReference; fileEncoding = 4; lastKnownFileType = sourcecode.swift; path = data_user.swift; sourceTree = "<group>"; };
		DAB092131C3B36F2007BDC37 /* coreData.swift */ = {isa = PBXFileReference; fileEncoding = 4; lastKnownFileType = sourcecode.swift; path = coreData.swift; sourceTree = "<group>"; };
		DAB092231C40BBEB007BDC37 /* dataStore.swift */ = {isa = PBXFileReference; fileEncoding = 4; lastKnownFileType = sourcecode.swift; path = dataStore.swift; sourceTree = "<group>"; };
		DAB092311C40E976007BDC37 /* addPetViewController.swift */ = {isa = PBXFileReference; fileEncoding = 4; lastKnownFileType = sourcecode.swift; name = addPetViewController.swift; path = HHH/addPetViewController.swift; sourceTree = "<group>"; };
		DAEA09731C78530700F07653 /* credataUser+CoreDataProperties.swift */ = {isa = PBXFileReference; fileEncoding = 4; lastKnownFileType = sourcecode.swift; name = "credataUser+CoreDataProperties.swift"; path = "HHH/coredata/credataUser+CoreDataProperties.swift"; sourceTree = "<group>"; };
		DAEA09741C78530700F07653 /* credataUser.swift */ = {isa = PBXFileReference; fileEncoding = 4; lastKnownFileType = sourcecode.swift; name = credataUser.swift; path = HHH/coredata/credataUser.swift; sourceTree = "<group>"; };
		DAEF0B761CC93F35001DDCCD /* coredataAlarm+CoreDataProperties.swift */ = {isa = PBXFileReference; fileEncoding = 4; lastKnownFileType = sourcecode.swift; name = "coredataAlarm+CoreDataProperties.swift"; path = "HHH/coredata/coredataAlarm+CoreDataProperties.swift"; sourceTree = "<group>"; };
		DAEF0B771CC93F35001DDCCD /* coredataAlarm.swift */ = {isa = PBXFileReference; fileEncoding = 4; lastKnownFileType = sourcecode.swift; name = coredataAlarm.swift; path = HHH/coredata/coredataAlarm.swift; sourceTree = "<group>"; };
		DAF304A71C721CB7006F3327 /* dropbox.swift */ = {isa = PBXFileReference; fileEncoding = 4; lastKnownFileType = sourcecode.swift; path = dropbox.swift; sourceTree = "<group>"; };
/* End PBXFileReference section */

/* Begin PBXFrameworksBuildPhase section */
		DA565C241C048F40009DDB46 /* Frameworks */ = {
			isa = PBXFrameworksBuildPhase;
			buildActionMask = 2147483647;
			files = (
				DA1F6E8A1C7B7B6B00A3BB20 /* YouTubePlayer.framework in Frameworks */,
				DA565CA51C04D2CD009DDB46 /* Kanna.framework in Frameworks */,
				821B5AA0B80353A9C3ED38C7 /* Pods.framework in Frameworks */,
			);
			runOnlyForDeploymentPostprocessing = 0;
		};
		DA565C3B1C048F40009DDB46 /* Frameworks */ = {
			isa = PBXFrameworksBuildPhase;
			buildActionMask = 2147483647;
			files = (
			);
			runOnlyForDeploymentPostprocessing = 0;
		};
		DA565C461C048F40009DDB46 /* Frameworks */ = {
			isa = PBXFrameworksBuildPhase;
			buildActionMask = 2147483647;
			files = (
			);
			runOnlyForDeploymentPostprocessing = 0;
		};
/* End PBXFrameworksBuildPhase section */

/* Begin PBXGroup section */
		0E51E529C79D4CE90046F135 /* Pods */ = {
			isa = PBXGroup;
			children = (
				74F62F0BA1EFDE4BD890820C /* Pods.debug.xcconfig */,
				C12FA22789FD0557B13A63C5 /* Pods.release.xcconfig */,
			);
			name = Pods;
			sourceTree = "<group>";
		};
		5387B66D53297FD533CECD68 /* Frameworks */ = {
			isa = PBXGroup;
			children = (
				DA1F6E891C7B7B6B00A3BB20 /* YouTubePlayer.framework */,
				D4EFA44CBD7336E71AA573D2 /* Pods.framework */,
			);
			name = Frameworks;
			sourceTree = "<group>";
		};
		DA4335571C598225001D18F6 /* class */ = {
			isa = PBXGroup;
			children = (
				DAB092231C40BBEB007BDC37 /* dataStore.swift */,
				DAAB0FA91C4C18590061978C /* data_user.swift */,
				DAB092131C3B36F2007BDC37 /* coreData.swift */,
				DA949E2B1C3512540055A1FC /* SettingSchedulerCell.swift */,
				DA5CB2981C59594100AE22C7 /* schedulerViewControllerCell.swift */,
				DAF304A71C721CB7006F3327 /* dropbox.swift */,
				DA5C92611CC8129A0030B309 /* feedingTableViewCell.swift */,
			);
			name = class;
			sourceTree = "<group>";
		};
		DA5295061C377858002E696A /* coredata */ = {
			isa = PBXGroup;
			children = (
				DAEF0B761CC93F35001DDCCD /* coredataAlarm+CoreDataProperties.swift */,
				DAEF0B771CC93F35001DDCCD /* coredataAlarm.swift */,
				DA15E6851CBFE98F000CE219 /* Token+CoreDataProperties.swift */,
				DA15E6861CBFE98F000CE219 /* Token.swift */,
				DA5CB2861C592B6B00AE22C7 /* coredataProfile+CoreDataProperties.swift */,
				DA5CB2871C592B6B00AE22C7 /* coredataProfile.swift */,
				DAEA09731C78530700F07653 /* credataUser+CoreDataProperties.swift */,
				DAEA09741C78530700F07653 /* credataUser.swift */,
			);
			name = coredata;
			sourceTree = "<group>";
		};
		DA565C1E1C048F40009DDB46 = {
			isa = PBXGroup;
			children = (
				DA5295061C377858002E696A /* coredata */,
				DA565C8D1C04D2AC009DDB46 /* Kanna.xcodeproj */,
				DA565C5D1C04D26D009DDB46 /* Alamofire.xcodeproj */,
				DA565C5C1C04D1B8009DDB46 /* src */,
				DA565C5B1C04D1A5009DDB46 /* UI */,
				DA565C291C048F40009DDB46 /* HHH */,
				DA565C411C048F40009DDB46 /* HHHTests */,
				DA565C4C1C048F40009DDB46 /* HHHUITests */,
				DA565C281C048F40009DDB46 /* Products */,
				0E51E529C79D4CE90046F135 /* Pods */,
				5387B66D53297FD533CECD68 /* Frameworks */,
			);
			sourceTree = "<group>";
		};
		DA565C281C048F40009DDB46 /* Products */ = {
			isa = PBXGroup;
			children = (
				DA565C271C048F40009DDB46 /* HHH.app */,
				DA565C3E1C048F40009DDB46 /* HHHTests.xctest */,
				DA565C491C048F40009DDB46 /* HHHUITests.xctest */,
			);
			name = Products;
			sourceTree = "<group>";
		};
		DA565C291C048F40009DDB46 /* HHH */ = {
			isa = PBXGroup;
			children = (
				DA565C2A1C048F40009DDB46 /* AppDelegate.swift */,
				DA565C341C048F40009DDB46 /* Assets.xcassets */,
				DA565C391C048F40009DDB46 /* Info.plist */,
				DA565C311C048F40009DDB46 /* HHH.xcdatamodeld */,
			);
			path = HHH;
			sourceTree = "<group>";
		};
		DA565C411C048F40009DDB46 /* HHHTests */ = {
			isa = PBXGroup;
			children = (
				DA565C421C048F40009DDB46 /* HHHTests.swift */,
				DA565C441C048F40009DDB46 /* Info.plist */,
			);
			path = HHHTests;
			sourceTree = "<group>";
		};
		DA565C4C1C048F40009DDB46 /* HHHUITests */ = {
			isa = PBXGroup;
			children = (
				DA565C4D1C048F40009DDB46 /* HHHUITests.swift */,
				DA565C4F1C048F40009DDB46 /* Info.plist */,
			);
			path = HHHUITests;
			sourceTree = "<group>";
		};
		DA565C5B1C04D1A5009DDB46 /* UI */ = {
			isa = PBXGroup;
			children = (
				DA565C2E1C048F40009DDB46 /* Main.storyboard */,
				DA565C361C048F40009DDB46 /* LaunchScreen.storyboard */,
			);
			name = UI;
			sourceTree = "<group>";
		};
		DA565C5C1C04D1B8009DDB46 /* src */ = {
			isa = PBXGroup;
			children = (
				DA4335571C598225001D18F6 /* class */,
				DA949E181C31CD6B0055A1FC /* ViewController */,
				DAFDB86C1C315A4F009E9011 /* mainSide */,
				DA565CD11C04DD42009DDB46 /* lib */,
				DA565CD01C04D373009DDB46 /* http */,
				DA565C2C1C048F40009DDB46 /* mainViewController.swift */,
			);
			name = src;
			sourceTree = "<group>";
		};
		DA565C5E1C04D26D009DDB46 /* Products */ = {
			isa = PBXGroup;
			children = (
				DA565C681C04D26D009DDB46 /* Alamofire.framework */,
				DA565C6A1C04D26D009DDB46 /* Alamofire iOS Tests.xctest */,
				DA565C6C1C04D26D009DDB46 /* Alamofire.framework */,
				DA565C6E1C04D26D009DDB46 /* Alamofire OSX Tests.xctest */,
				DA565C701C04D26D009DDB46 /* Alamofire.framework */,
				DA565C721C04D26D009DDB46 /* Alamofire tvOS Tests.xctest */,
				DA565C741C04D26D009DDB46 /* Alamofire.framework */,
			);
			name = Products;
			sourceTree = "<group>";
		};
		DA565C8E1C04D2AC009DDB46 /* Products */ = {
			isa = PBXGroup;
			children = (
				DA565C981C04D2AC009DDB46 /* Kanna.framework */,
				DA565C9A1C04D2AC009DDB46 /* Kanna.framework */,
				DA565C9C1C04D2AC009DDB46 /* Kanna.framework */,
				DA565C9E1C04D2AC009DDB46 /* Kanna.framework */,
				DA565CA01C04D2AC009DDB46 /* KannaTests.xctest */,
				DA565CA21C04D2AC009DDB46 /* Kanna_OSX Tests.xctest */,
				DA565CA41C04D2AC009DDB46 /* Kanna_tvOS Tests.xctest */,
			);
			name = Products;
			sourceTree = "<group>";
		};
		DA565CD01C04D373009DDB46 /* http */ = {
			isa = PBXGroup;
			children = (
				DA565CBF1C04D363009DDB46 /* HttpReference.swift */,
			);
			name = http;
			sourceTree = "<group>";
		};
		DA565CD11C04DD42009DDB46 /* lib */ = {
			isa = PBXGroup;
			children = (
				DA5FB5FF1C2DA29F0013845E /* SWRevealViewController.h */,
				DA5FB6001C2DA29F0013845E /* SWRevealViewController.m */,
				DA565CD21C04DD51009DDB46 /* HHH-Bridging-Header.h */,
				DA5CB2961C59535700AE22C7 /* DatePickerDialog.swift */,
			);
			name = lib;
			sourceTree = "<group>";
		};
		DA949E181C31CD6B0055A1FC /* ViewController */ = {
			isa = PBXGroup;
			children = (
				DA565CBE1C04D363009DDB46 /* HLSViewController.swift */,
				DA565CC61C04D363009DDB46 /* WebViewController.swift */,
				DA949E271C31CDCA0055A1FC /* ProFileViewController.swift */,
				DAB092311C40E976007BDC37 /* addPetViewController.swift */,
				DA5CB2901C592CDD00AE22C7 /* schedulerViewController.swift */,
				DA7B3D6A1CAAEB0B00B0924D /* settingViewController.swift */,
				DAA666901CC3FF6900D1AE3B /* sensorViewContorller.swift */,
				DA5C92521CC7F02B0030B309 /* feedingViewController.swift */,
				DA92407B1CDFE64400C5AE6E /* PageContentViewController.swift */,
				DA92408C1CDFEC8700C5AE6E /* pageViewController.swift */,
			);
			name = ViewController;
			sourceTree = "<group>";
		};
		DAFDB86C1C315A4F009E9011 /* mainSide */ = {
			isa = PBXGroup;
			children = (
				DA565CC01C04D363009DDB46 /* PetListTableViewCell.swift */,
				DA565CC11C04D363009DDB46 /* PetListTableViewController.swift */,
				DA565CC31C04D363009DDB46 /* SidePets.swift */,
			);
			name = mainSide;
			sourceTree = "<group>";
		};
/* End PBXGroup section */

/* Begin PBXNativeTarget section */
		DA565C261C048F40009DDB46 /* HHH */ = {
			isa = PBXNativeTarget;
			buildConfigurationList = DA565C521C048F40009DDB46 /* Build configuration list for PBXNativeTarget "HHH" */;
			buildPhases = (
				1045C457DD9223543A01DC15 /* Check Pods Manifest.lock */,
				DA565C231C048F40009DDB46 /* Sources */,
				DA565C241C048F40009DDB46 /* Frameworks */,
				DA565C251C048F40009DDB46 /* Resources */,
				DA565CA91C04D2CE009DDB46 /* Embed Frameworks */,
				CFE1D28096E80E4D748B0AA9 /* Embed Pods Frameworks */,
				6221C29456713A8B4702A98A /* Copy Pods Resources */,
			);
			buildRules = (
			);
			dependencies = (
				DA565CA81C04D2CD009DDB46 /* PBXTargetDependency */,
			);
			name = HHH;
			productName = HHH;
			productReference = DA565C271C048F40009DDB46 /* HHH.app */;
			productType = "com.apple.product-type.application";
		};
		DA565C3D1C048F40009DDB46 /* HHHTests */ = {
			isa = PBXNativeTarget;
			buildConfigurationList = DA565C551C048F40009DDB46 /* Build configuration list for PBXNativeTarget "HHHTests" */;
			buildPhases = (
				DA565C3A1C048F40009DDB46 /* Sources */,
				DA565C3B1C048F40009DDB46 /* Frameworks */,
				DA565C3C1C048F40009DDB46 /* Resources */,
			);
			buildRules = (
			);
			dependencies = (
				DA565C401C048F40009DDB46 /* PBXTargetDependency */,
			);
			name = HHHTests;
			productName = HHHTests;
			productReference = DA565C3E1C048F40009DDB46 /* HHHTests.xctest */;
			productType = "com.apple.product-type.bundle.unit-test";
		};
		DA565C481C048F40009DDB46 /* HHHUITests */ = {
			isa = PBXNativeTarget;
			buildConfigurationList = DA565C581C048F40009DDB46 /* Build configuration list for PBXNativeTarget "HHHUITests" */;
			buildPhases = (
				DA565C451C048F40009DDB46 /* Sources */,
				DA565C461C048F40009DDB46 /* Frameworks */,
				DA565C471C048F40009DDB46 /* Resources */,
			);
			buildRules = (
			);
			dependencies = (
				DA565C4B1C048F40009DDB46 /* PBXTargetDependency */,
			);
			name = HHHUITests;
			productName = HHHUITests;
			productReference = DA565C491C048F40009DDB46 /* HHHUITests.xctest */;
			productType = "com.apple.product-type.bundle.ui-testing";
		};
/* End PBXNativeTarget section */

/* Begin PBXProject section */
		DA565C1F1C048F40009DDB46 /* Project object */ = {
			isa = PBXProject;
			attributes = {
				LastSwiftUpdateCheck = 0710;
				LastUpgradeCheck = 0710;
				ORGANIZATIONNAME = hhh;
				TargetAttributes = {
					DA565C261C048F40009DDB46 = {
						CreatedOnToolsVersion = 7.1.1;
						DevelopmentTeam = ESSVA2V535;
					};
					DA565C3D1C048F40009DDB46 = {
						CreatedOnToolsVersion = 7.1.1;
						TestTargetID = DA565C261C048F40009DDB46;
					};
					DA565C481C048F40009DDB46 = {
						CreatedOnToolsVersion = 7.1.1;
						TestTargetID = DA565C261C048F40009DDB46;
					};
				};
			};
			buildConfigurationList = DA565C221C048F40009DDB46 /* Build configuration list for PBXProject "HHH" */;
			compatibilityVersion = "Xcode 3.2";
			developmentRegion = English;
			hasScannedForEncodings = 0;
			knownRegions = (
				en,
				Base,
			);
			mainGroup = DA565C1E1C048F40009DDB46;
			productRefGroup = DA565C281C048F40009DDB46 /* Products */;
			projectDirPath = "";
			projectReferences = (
				{
					ProductGroup = DA565C5E1C04D26D009DDB46 /* Products */;
					ProjectRef = DA565C5D1C04D26D009DDB46 /* Alamofire.xcodeproj */;
				},
				{
					ProductGroup = DA565C8E1C04D2AC009DDB46 /* Products */;
					ProjectRef = DA565C8D1C04D2AC009DDB46 /* Kanna.xcodeproj */;
				},
			);
			projectRoot = "";
			targets = (
				DA565C261C048F40009DDB46 /* HHH */,
				DA565C3D1C048F40009DDB46 /* HHHTests */,
				DA565C481C048F40009DDB46 /* HHHUITests */,
			);
		};
/* End PBXProject section */

/* Begin PBXReferenceProxy section */
		DA565C681C04D26D009DDB46 /* Alamofire.framework */ = {
			isa = PBXReferenceProxy;
			fileType = wrapper.framework;
			path = Alamofire.framework;
			remoteRef = DA565C671C04D26D009DDB46 /* PBXContainerItemProxy */;
			sourceTree = BUILT_PRODUCTS_DIR;
		};
		DA565C6A1C04D26D009DDB46 /* Alamofire iOS Tests.xctest */ = {
			isa = PBXReferenceProxy;
			fileType = wrapper.cfbundle;
			path = "Alamofire iOS Tests.xctest";
			remoteRef = DA565C691C04D26D009DDB46 /* PBXContainerItemProxy */;
			sourceTree = BUILT_PRODUCTS_DIR;
		};
		DA565C6C1C04D26D009DDB46 /* Alamofire.framework */ = {
			isa = PBXReferenceProxy;
			fileType = wrapper.framework;
			path = Alamofire.framework;
			remoteRef = DA565C6B1C04D26D009DDB46 /* PBXContainerItemProxy */;
			sourceTree = BUILT_PRODUCTS_DIR;
		};
		DA565C6E1C04D26D009DDB46 /* Alamofire OSX Tests.xctest */ = {
			isa = PBXReferenceProxy;
			fileType = wrapper.cfbundle;
			path = "Alamofire OSX Tests.xctest";
			remoteRef = DA565C6D1C04D26D009DDB46 /* PBXContainerItemProxy */;
			sourceTree = BUILT_PRODUCTS_DIR;
		};
		DA565C701C04D26D009DDB46 /* Alamofire.framework */ = {
			isa = PBXReferenceProxy;
			fileType = wrapper.framework;
			path = Alamofire.framework;
			remoteRef = DA565C6F1C04D26D009DDB46 /* PBXContainerItemProxy */;
			sourceTree = BUILT_PRODUCTS_DIR;
		};
		DA565C721C04D26D009DDB46 /* Alamofire tvOS Tests.xctest */ = {
			isa = PBXReferenceProxy;
			fileType = wrapper.cfbundle;
			path = "Alamofire tvOS Tests.xctest";
			remoteRef = DA565C711C04D26D009DDB46 /* PBXContainerItemProxy */;
			sourceTree = BUILT_PRODUCTS_DIR;
		};
		DA565C741C04D26D009DDB46 /* Alamofire.framework */ = {
			isa = PBXReferenceProxy;
			fileType = wrapper.framework;
			path = Alamofire.framework;
			remoteRef = DA565C731C04D26D009DDB46 /* PBXContainerItemProxy */;
			sourceTree = BUILT_PRODUCTS_DIR;
		};
		DA565C981C04D2AC009DDB46 /* Kanna.framework */ = {
			isa = PBXReferenceProxy;
			fileType = wrapper.framework;
			path = Kanna.framework;
			remoteRef = DA565C971C04D2AC009DDB46 /* PBXContainerItemProxy */;
			sourceTree = BUILT_PRODUCTS_DIR;
		};
		DA565C9A1C04D2AC009DDB46 /* Kanna.framework */ = {
			isa = PBXReferenceProxy;
			fileType = wrapper.framework;
			path = Kanna.framework;
			remoteRef = DA565C991C04D2AC009DDB46 /* PBXContainerItemProxy */;
			sourceTree = BUILT_PRODUCTS_DIR;
		};
		DA565C9C1C04D2AC009DDB46 /* Kanna.framework */ = {
			isa = PBXReferenceProxy;
			fileType = wrapper.framework;
			path = Kanna.framework;
			remoteRef = DA565C9B1C04D2AC009DDB46 /* PBXContainerItemProxy */;
			sourceTree = BUILT_PRODUCTS_DIR;
		};
		DA565C9E1C04D2AC009DDB46 /* Kanna.framework */ = {
			isa = PBXReferenceProxy;
			fileType = wrapper.framework;
			path = Kanna.framework;
			remoteRef = DA565C9D1C04D2AC009DDB46 /* PBXContainerItemProxy */;
			sourceTree = BUILT_PRODUCTS_DIR;
		};
		DA565CA01C04D2AC009DDB46 /* KannaTests.xctest */ = {
			isa = PBXReferenceProxy;
			fileType = wrapper.cfbundle;
			path = KannaTests.xctest;
			remoteRef = DA565C9F1C04D2AC009DDB46 /* PBXContainerItemProxy */;
			sourceTree = BUILT_PRODUCTS_DIR;
		};
		DA565CA21C04D2AC009DDB46 /* Kanna_OSX Tests.xctest */ = {
			isa = PBXReferenceProxy;
			fileType = wrapper.cfbundle;
			path = "Kanna_OSX Tests.xctest";
			remoteRef = DA565CA11C04D2AC009DDB46 /* PBXContainerItemProxy */;
			sourceTree = BUILT_PRODUCTS_DIR;
		};
		DA565CA41C04D2AC009DDB46 /* Kanna_tvOS Tests.xctest */ = {
			isa = PBXReferenceProxy;
			fileType = wrapper.cfbundle;
			path = "Kanna_tvOS Tests.xctest";
			remoteRef = DA565CA31C04D2AC009DDB46 /* PBXContainerItemProxy */;
			sourceTree = BUILT_PRODUCTS_DIR;
		};
/* End PBXReferenceProxy section */

/* Begin PBXResourcesBuildPhase section */
		DA565C251C048F40009DDB46 /* Resources */ = {
			isa = PBXResourcesBuildPhase;
			buildActionMask = 2147483647;
			files = (
				DA565C381C048F40009DDB46 /* LaunchScreen.storyboard in Resources */,
				DA565C351C048F40009DDB46 /* Assets.xcassets in Resources */,
				DA565C301C048F40009DDB46 /* Main.storyboard in Resources */,
			);
			runOnlyForDeploymentPostprocessing = 0;
		};
		DA565C3C1C048F40009DDB46 /* Resources */ = {
			isa = PBXResourcesBuildPhase;
			buildActionMask = 2147483647;
			files = (
			);
			runOnlyForDeploymentPostprocessing = 0;
		};
		DA565C471C048F40009DDB46 /* Resources */ = {
			isa = PBXResourcesBuildPhase;
			buildActionMask = 2147483647;
			files = (
			);
			runOnlyForDeploymentPostprocessing = 0;
		};
/* End PBXResourcesBuildPhase section */

/* Begin PBXShellScriptBuildPhase section */
		1045C457DD9223543A01DC15 /* Check Pods Manifest.lock */ = {
			isa = PBXShellScriptBuildPhase;
			buildActionMask = 2147483647;
			files = (
			);
			inputPaths = (
			);
			name = "Check Pods Manifest.lock";
			outputPaths = (
			);
			runOnlyForDeploymentPostprocessing = 0;
			shellPath = /bin/sh;
			shellScript = "diff \"${PODS_ROOT}/../Podfile.lock\" \"${PODS_ROOT}/Manifest.lock\" > /dev/null\nif [[ $? != 0 ]] ; then\n    cat << EOM\nerror: The sandbox is not in sync with the Podfile.lock. Run 'pod install' or update your CocoaPods installation.\nEOM\n    exit 1\nfi\n";
			showEnvVarsInLog = 0;
		};
		6221C29456713A8B4702A98A /* Copy Pods Resources */ = {
			isa = PBXShellScriptBuildPhase;
			buildActionMask = 2147483647;
			files = (
			);
			inputPaths = (
			);
			name = "Copy Pods Resources";
			outputPaths = (
			);
			runOnlyForDeploymentPostprocessing = 0;
			shellPath = /bin/sh;
			shellScript = "\"${SRCROOT}/Pods/Target Support Files/Pods/Pods-resources.sh\"\n";
			showEnvVarsInLog = 0;
		};
		CFE1D28096E80E4D748B0AA9 /* Embed Pods Frameworks */ = {
			isa = PBXShellScriptBuildPhase;
			buildActionMask = 2147483647;
			files = (
			);
			inputPaths = (
			);
			name = "Embed Pods Frameworks";
			outputPaths = (
			);
			runOnlyForDeploymentPostprocessing = 0;
			shellPath = /bin/sh;
			shellScript = "\"${SRCROOT}/Pods/Target Support Files/Pods/Pods-frameworks.sh\"\n";
			showEnvVarsInLog = 0;
		};
/* End PBXShellScriptBuildPhase section */

/* Begin PBXSourcesBuildPhase section */
		DA565C231C048F40009DDB46 /* Sources */ = {
			isa = PBXSourcesBuildPhase;
			buildActionMask = 2147483647;
			files = (
				DA565CC81C04D363009DDB46 /* HttpReference.swift in Sources */,
				DA565CC91C04D363009DDB46 /* PetListTableViewCell.swift in Sources */,
				DA565CC71C04D363009DDB46 /* HLSViewController.swift in Sources */,
				DA92408D1CDFEC8700C5AE6E /* pageViewController.swift in Sources */,
				DA5CB2911C592CDD00AE22C7 /* schedulerViewController.swift in Sources */,
				DAF304A81C721CB7006F3327 /* dropbox.swift in Sources */,
				DAB092321C40E976007BDC37 /* addPetViewController.swift in Sources */,
				DA7B3D6B1CAAEB0B00B0924D /* settingViewController.swift in Sources */,
				DA15E6871CBFE98F000CE219 /* Token+CoreDataProperties.swift in Sources */,
				DA5C92621CC8129A0030B309 /* feedingTableViewCell.swift in Sources */,
				DA949E281C31CDCA0055A1FC /* ProFileViewController.swift in Sources */,
				DA5CB28C1C592B6C00AE22C7 /* coredataProfile+CoreDataProperties.swift in Sources */,
				DA565C331C048F40009DDB46 /* HHH.xcdatamodeld in Sources */,
				DAB092241C40BBEB007BDC37 /* dataStore.swift in Sources */,
				DAA666911CC3FF6900D1AE3B /* sensorViewContorller.swift in Sources */,
				DA15E6881CBFE98F000CE219 /* Token.swift in Sources */,
				DAAB0FAA1C4C18590061978C /* data_user.swift in Sources */,
				DA5CB2991C59594100AE22C7 /* schedulerViewControllerCell.swift in Sources */,
				DA565C2D1C048F40009DDB46 /* mainViewController.swift in Sources */,
				DA565CCF1C04D363009DDB46 /* WebViewController.swift in Sources */,
				DA949E2C1C3512540055A1FC /* SettingSchedulerCell.swift in Sources */,
				DA565C2B1C048F40009DDB46 /* AppDelegate.swift in Sources */,
				DA565CCC1C04D363009DDB46 /* SidePets.swift in Sources */,
				DAB092141C3B36F2007BDC37 /* coreData.swift in Sources */,
				DA5C92531CC7F02B0030B309 /* feedingViewController.swift in Sources */,
				DAEA09751C78530700F07653 /* credataUser+CoreDataProperties.swift in Sources */,
				DA5CB2971C59535700AE22C7 /* DatePickerDialog.swift in Sources */,
				DA565CCA1C04D363009DDB46 /* PetListTableViewController.swift in Sources */,
				DA92407C1CDFE64400C5AE6E /* PageContentViewController.swift in Sources */,
				DA5FB6011C2DA29F0013845E /* SWRevealViewController.m in Sources */,
				DAEF0B781CC93F35001DDCCD /* coredataAlarm+CoreDataProperties.swift in Sources */,
				DA5CB28D1C592B6C00AE22C7 /* coredataProfile.swift in Sources */,
				DAEF0B791CC93F35001DDCCD /* coredataAlarm.swift in Sources */,
				DAEA09761C78530700F07653 /* credataUser.swift in Sources */,
			);
			runOnlyForDeploymentPostprocessing = 0;
		};
		DA565C3A1C048F40009DDB46 /* Sources */ = {
			isa = PBXSourcesBuildPhase;
			buildActionMask = 2147483647;
			files = (
				DA565C431C048F40009DDB46 /* HHHTests.swift in Sources */,
			);
			runOnlyForDeploymentPostprocessing = 0;
		};
		DA565C451C048F40009DDB46 /* Sources */ = {
			isa = PBXSourcesBuildPhase;
			buildActionMask = 2147483647;
			files = (
				DA565C4E1C048F40009DDB46 /* HHHUITests.swift in Sources */,
			);
			runOnlyForDeploymentPostprocessing = 0;
		};
/* End PBXSourcesBuildPhase section */

/* Begin PBXTargetDependency section */
		DA565C401C048F40009DDB46 /* PBXTargetDependency */ = {
			isa = PBXTargetDependency;
			target = DA565C261C048F40009DDB46 /* HHH */;
			targetProxy = DA565C3F1C048F40009DDB46 /* PBXContainerItemProxy */;
		};
		DA565C4B1C048F40009DDB46 /* PBXTargetDependency */ = {
			isa = PBXTargetDependency;
			target = DA565C261C048F40009DDB46 /* HHH */;
			targetProxy = DA565C4A1C048F40009DDB46 /* PBXContainerItemProxy */;
		};
		DA565CA81C04D2CD009DDB46 /* PBXTargetDependency */ = {
			isa = PBXTargetDependency;
			name = Kanna_iOS;
			targetProxy = DA565CA71C04D2CD009DDB46 /* PBXContainerItemProxy */;
		};
/* End PBXTargetDependency section */

/* Begin PBXVariantGroup section */
		DA565C2E1C048F40009DDB46 /* Main.storyboard */ = {
			isa = PBXVariantGroup;
			children = (
				DA565C2F1C048F40009DDB46 /* Base */,
			);
			name = Main.storyboard;
			path = HHH;
			sourceTree = "<group>";
		};
		DA565C361C048F40009DDB46 /* LaunchScreen.storyboard */ = {
			isa = PBXVariantGroup;
			children = (
				DA565C371C048F40009DDB46 /* Base */,
			);
			name = LaunchScreen.storyboard;
			path = HHH;
			sourceTree = "<group>";
		};
/* End PBXVariantGroup section */

/* Begin XCBuildConfiguration section */
		DA565C501C048F40009DDB46 /* Debug */ = {
			isa = XCBuildConfiguration;
			buildSettings = {
				ALWAYS_SEARCH_USER_PATHS = NO;
				CLANG_CXX_LANGUAGE_STANDARD = "gnu++0x";
				CLANG_CXX_LIBRARY = "libc++";
				CLANG_ENABLE_MODULES = YES;
				CLANG_ENABLE_OBJC_ARC = YES;
				CLANG_WARN_BOOL_CONVERSION = YES;
				CLANG_WARN_CONSTANT_CONVERSION = YES;
				CLANG_WARN_DIRECT_OBJC_ISA_USAGE = YES_ERROR;
				CLANG_WARN_EMPTY_BODY = YES;
				CLANG_WARN_ENUM_CONVERSION = YES;
				CLANG_WARN_INT_CONVERSION = YES;
				CLANG_WARN_OBJC_ROOT_CLASS = YES_ERROR;
				CLANG_WARN_UNREACHABLE_CODE = YES;
				CLANG_WARN__DUPLICATE_METHOD_MATCH = YES;
				"CODE_SIGN_IDENTITY[sdk=iphoneos*]" = "iPhone Developer";
				COPY_PHASE_STRIP = NO;
				DEBUG_INFORMATION_FORMAT = dwarf;
				ENABLE_STRICT_OBJC_MSGSEND = YES;
				ENABLE_TESTABILITY = YES;
				GCC_C_LANGUAGE_STANDARD = gnu99;
				GCC_DYNAMIC_NO_PIC = NO;
				GCC_NO_COMMON_BLOCKS = YES;
				GCC_OPTIMIZATION_LEVEL = 0;
				GCC_PREPROCESSOR_DEFINITIONS = (
					"DEBUG=1",
					"$(inherited)",
				);
				GCC_WARN_64_TO_32_BIT_CONVERSION = YES;
				GCC_WARN_ABOUT_RETURN_TYPE = YES_ERROR;
				GCC_WARN_UNDECLARED_SELECTOR = YES;
				GCC_WARN_UNINITIALIZED_AUTOS = YES_AGGRESSIVE;
				GCC_WARN_UNUSED_FUNCTION = YES;
				GCC_WARN_UNUSED_VARIABLE = YES;
				IPHONEOS_DEPLOYMENT_TARGET = 9.1;
				MTL_ENABLE_DEBUG_INFO = YES;
				ONLY_ACTIVE_ARCH = YES;
				SDKROOT = iphoneos;
				SWIFT_OPTIMIZATION_LEVEL = "-Onone";
			};
			name = Debug;
		};
		DA565C511C048F40009DDB46 /* Release */ = {
			isa = XCBuildConfiguration;
			buildSettings = {
				ALWAYS_SEARCH_USER_PATHS = NO;
				CLANG_CXX_LANGUAGE_STANDARD = "gnu++0x";
				CLANG_CXX_LIBRARY = "libc++";
				CLANG_ENABLE_MODULES = YES;
				CLANG_ENABLE_OBJC_ARC = YES;
				CLANG_WARN_BOOL_CONVERSION = YES;
				CLANG_WARN_CONSTANT_CONVERSION = YES;
				CLANG_WARN_DIRECT_OBJC_ISA_USAGE = YES_ERROR;
				CLANG_WARN_EMPTY_BODY = YES;
				CLANG_WARN_ENUM_CONVERSION = YES;
				CLANG_WARN_INT_CONVERSION = YES;
				CLANG_WARN_OBJC_ROOT_CLASS = YES_ERROR;
				CLANG_WARN_UNREACHABLE_CODE = YES;
				CLANG_WARN__DUPLICATE_METHOD_MATCH = YES;
				"CODE_SIGN_IDENTITY[sdk=iphoneos*]" = "iPhone Developer";
				COPY_PHASE_STRIP = NO;
				DEBUG_INFORMATION_FORMAT = "dwarf-with-dsym";
				ENABLE_NS_ASSERTIONS = NO;
				ENABLE_STRICT_OBJC_MSGSEND = YES;
				GCC_C_LANGUAGE_STANDARD = gnu99;
				GCC_NO_COMMON_BLOCKS = YES;
				GCC_WARN_64_TO_32_BIT_CONVERSION = YES;
				GCC_WARN_ABOUT_RETURN_TYPE = YES_ERROR;
				GCC_WARN_UNDECLARED_SELECTOR = YES;
				GCC_WARN_UNINITIALIZED_AUTOS = YES_AGGRESSIVE;
				GCC_WARN_UNUSED_FUNCTION = YES;
				GCC_WARN_UNUSED_VARIABLE = YES;
				IPHONEOS_DEPLOYMENT_TARGET = 9.1;
				MTL_ENABLE_DEBUG_INFO = NO;
				SDKROOT = iphoneos;
				VALIDATE_PRODUCT = YES;
			};
			name = Release;
		};
		DA565C531C048F40009DDB46 /* Debug */ = {
			isa = XCBuildConfiguration;
			baseConfigurationReference = 74F62F0BA1EFDE4BD890820C /* Pods.debug.xcconfig */;
			buildSettings = {
				ASSETCATALOG_COMPILER_APPICON_NAME = AppIcon;
				CLANG_ENABLE_MODULES = YES;
				CODE_SIGN_IDENTITY = "iPhone Developer";
				"CODE_SIGN_IDENTITY[sdk=iphoneos*]" = "iPhone Developer";
				EMBEDDED_CONTENT_CONTAINS_SWIFT = YES;
				FRAMEWORK_SEARCH_PATHS = (
					"$(inherited)",
					"$(PROJECT_DIR)/build/Debug-iphoneos",
				);
				INFOPLIST_FILE = HHH/Info.plist;
				IPHONEOS_DEPLOYMENT_TARGET = 9.2;
				LD_RUNPATH_SEARCH_PATHS = "$(inherited) @executable_path/Frameworks";
				PRODUCT_BUNDLE_IDENTIFIER = hhh.HHH;
				PRODUCT_NAME = "$(TARGET_NAME)";
				PROVISIONING_PROFILE = "";
				SWIFT_OBJC_BRIDGING_HEADER = "HHH-Bridging-Header.h";
				SWIFT_OPTIMIZATION_LEVEL = "-Onone";
			};
			name = Debug;
		};
		DA565C541C048F40009DDB46 /* Release */ = {
			isa = XCBuildConfiguration;
			baseConfigurationReference = C12FA22789FD0557B13A63C5 /* Pods.release.xcconfig */;
			buildSettings = {
				ASSETCATALOG_COMPILER_APPICON_NAME = AppIcon;
				CLANG_ENABLE_MODULES = YES;
				CODE_SIGN_IDENTITY = "iPhone Developer";
				"CODE_SIGN_IDENTITY[sdk=iphoneos*]" = "iPhone Developer";
				EMBEDDED_CONTENT_CONTAINS_SWIFT = YES;
				FRAMEWORK_SEARCH_PATHS = (
					"$(inherited)",
					"$(PROJECT_DIR)/build/Debug-iphoneos",
				);
				INFOPLIST_FILE = HHH/Info.plist;
				IPHONEOS_DEPLOYMENT_TARGET = 9.2;
				LD_RUNPATH_SEARCH_PATHS = "$(inherited) @executable_path/Frameworks";
				PRODUCT_BUNDLE_IDENTIFIER = hhh.HHH;
				PRODUCT_NAME = "$(TARGET_NAME)";
				PROVISIONING_PROFILE = "";
				SWIFT_OBJC_BRIDGING_HEADER = "HHH-Bridging-Header.h";
			};
			name = Release;
		};
		DA565C561C048F40009DDB46 /* Debug */ = {
			isa = XCBuildConfiguration;
			buildSettings = {
				BUNDLE_LOADER = "$(TEST_HOST)";
				INFOPLIST_FILE = HHHTests/Info.plist;
				LD_RUNPATH_SEARCH_PATHS = "$(inherited) @executable_path/Frameworks @loader_path/Frameworks";
				PRODUCT_BUNDLE_IDENTIFIER = hhh.HHHTests;
				PRODUCT_NAME = "$(TARGET_NAME)";
				TEST_HOST = "$(BUILT_PRODUCTS_DIR)/HHH.app/HHH";
			};
			name = Debug;
		};
		DA565C571C048F40009DDB46 /* Release */ = {
			isa = XCBuildConfiguration;
			buildSettings = {
				BUNDLE_LOADER = "$(TEST_HOST)";
				INFOPLIST_FILE = HHHTests/Info.plist;
				LD_RUNPATH_SEARCH_PATHS = "$(inherited) @executable_path/Frameworks @loader_path/Frameworks";
				PRODUCT_BUNDLE_IDENTIFIER = hhh.HHHTests;
				PRODUCT_NAME = "$(TARGET_NAME)";
				TEST_HOST = "$(BUILT_PRODUCTS_DIR)/HHH.app/HHH";
			};
			name = Release;
		};
		DA565C591C048F40009DDB46 /* Debug */ = {
			isa = XCBuildConfiguration;
			buildSettings = {
				INFOPLIST_FILE = HHHUITests/Info.plist;
				LD_RUNPATH_SEARCH_PATHS = "$(inherited) @executable_path/Frameworks @loader_path/Frameworks";
				PRODUCT_BUNDLE_IDENTIFIER = hhh.HHHUITests;
				PRODUCT_NAME = "$(TARGET_NAME)";
				TEST_TARGET_NAME = HHH;
				USES_XCTRUNNER = YES;
			};
			name = Debug;
		};
		DA565C5A1C048F40009DDB46 /* Release */ = {
			isa = XCBuildConfiguration;
			buildSettings = {
				INFOPLIST_FILE = HHHUITests/Info.plist;
				LD_RUNPATH_SEARCH_PATHS = "$(inherited) @executable_path/Frameworks @loader_path/Frameworks";
				PRODUCT_BUNDLE_IDENTIFIER = hhh.HHHUITests;
				PRODUCT_NAME = "$(TARGET_NAME)";
				TEST_TARGET_NAME = HHH;
				USES_XCTRUNNER = YES;
			};
			name = Release;
		};
/* End XCBuildConfiguration section */

/* Begin XCConfigurationList section */
		DA565C221C048F40009DDB46 /* Build configuration list for PBXProject "HHH" */ = {
			isa = XCConfigurationList;
			buildConfigurations = (
				DA565C501C048F40009DDB46 /* Debug */,
				DA565C511C048F40009DDB46 /* Release */,
			);
			defaultConfigurationIsVisible = 0;
			defaultConfigurationName = Release;
		};
		DA565C521C048F40009DDB46 /* Build configuration list for PBXNativeTarget "HHH" */ = {
			isa = XCConfigurationList;
			buildConfigurations = (
				DA565C531C048F40009DDB46 /* Debug */,
				DA565C541C048F40009DDB46 /* Release */,
			);
			defaultConfigurationIsVisible = 0;
			defaultConfigurationName = Release;
		};
		DA565C551C048F40009DDB46 /* Build configuration list for PBXNativeTarget "HHHTests" */ = {
			isa = XCConfigurationList;
			buildConfigurations = (
				DA565C561C048F40009DDB46 /* Debug */,
				DA565C571C048F40009DDB46 /* Release */,
			);
			defaultConfigurationIsVisible = 0;
			defaultConfigurationName = Release;
		};
		DA565C581C048F40009DDB46 /* Build configuration list for PBXNativeTarget "HHHUITests" */ = {
			isa = XCConfigurationList;
			buildConfigurations = (
				DA565C591C048F40009DDB46 /* Debug */,
				DA565C5A1C048F40009DDB46 /* Release */,
			);
			defaultConfigurationIsVisible = 0;
			defaultConfigurationName = Release;
		};
/* End XCConfigurationList section */

/* Begin XCVersionGroup section */
		DA565C311C048F40009DDB46 /* HHH.xcdatamodeld */ = {
			isa = XCVersionGroup;
			children = (
				DA565C321C048F40009DDB46 /* HHH.xcdatamodel */,
			);
			currentVersion = DA565C321C048F40009DDB46 /* HHH.xcdatamodel */;
			path = HHH.xcdatamodeld;
			sourceTree = "<group>";
			versionGroupType = wrapper.xcdatamodel;
		};
/* End XCVersionGroup section */
	};
	rootObject = DA565C1F1C048F40009DDB46 /* Project object */;
}
